
Microsoft Visual Studio Solution File, Format Version 12.00
Project("{FAE04EC0-301F-11D3-BF4B-00C04F79EFBC}") = "Verbum", "Verbum\Verbum.csproj", "{CC4F7DB5-0608-4299-AD49-A56FC4E52CFA}"
EndProject
Global
	GlobalSection(SolutionConfigurationPlatforms) = preSolution
		Debug|Any CPU = Debug|Any CPU
		Release|Any CPU = Release|Any CPU
	EndGlobalSection
	GlobalSection(ProjectConfigurationPlatforms) = postSolution
		{CC4F7DB5-0608-4299-AD49-A56FC4E52CFA}.Debug|Any CPU.ActiveCfg = Debug|Any CPU
		{CC4F7DB5-0608-4299-AD49-A56FC4E52CFA}.Debug|Any CPU.Build.0 = Debug|Any CPU
		{CC4F7DB5-0608-4299-AD49-A56FC4E52CFA}.Release|Any CPU.ActiveCfg = Release|Any CPU
		{CC4F7DB5-0608-4299-AD49-A56FC4E52CFA}.Release|Any CPU.Build.0 = Release|Any CPU
	EndGlobalSection
EndGlobal
